
Microsoft Visual Studio Solution File, Format Version 12.00
# Visual Studio Version 17
VisualStudioVersion = 17.3.32811.315
MinimumVisualStudioVersion = 10.0.40219.1
Project("{FAE04EC0-301F-11D3-BF4B-00C04F79EFBC}") = "MinhaDemoMvc", "MinhaDemoMvc\MinhaDemoMvc.csproj", "{F6723D75-0561-4F61-9011-91C63190647D}"
EndProject
Global
	GlobalSection(SolutionConfigurationPlatforms) = preSolution
		Debug|Any CPU = Debug|Any CPU
		Release|Any CPU = Release|Any CPU
	EndGlobalSection
	GlobalSection(ProjectConfigurationPlatforms) = postSolution
		{F6723D75-0561-4F61-9011-91C63190647D}.Debug|Any CPU.ActiveCfg = Debug|Any CPU
		{F6723D75-0561-4F61-9011-91C63190647D}.Debug|Any CPU.Build.0 = Debug|Any CPU
		{F6723D75-0561-4F61-9011-91C63190647D}.Release|Any CPU.ActiveCfg = Release|Any CPU
		{F6723D75-0561-4F61-9011-91C63190647D}.Release|Any CPU.Build.0 = Release|Any CPU
	EndGlobalSection
	GlobalSection(SolutionProperties) = preSolution
		HideSolutionNode = FALSE
	EndGlobalSection
	GlobalSection(ExtensibilityGlobals) = postSolution
		SolutionGuid = {FBF3D3FB-CBAD-4349-ACFB-7B2B6902B12C}
	EndGlobalSection
EndGlobal
